
Microsoft Visual Studio Solution File, Format Version 12.00
# Visual Studio Version 16
VisualStudioVersion = 16.0.31105.61
MinimumVisualStudioVersion = 10.0.40219.1
Project("{FAE04EC0-301F-11D3-BF4B-00C04F79EFBC}") = "eos_bot", "eos_bot.csproj", "{0197902B-B349-4794-897D-AC5AAA65BA18}"
EndProject
Global
	GlobalSection(SolutionConfigurationPlatforms) = preSolution
		Debug|Any CPU = Debug|Any CPU
		Debug|x64 = Debug|x64
		Release|Any CPU = Release|Any CPU
		Release|x64 = Release|x64
	EndGlobalSection
	GlobalSection(ProjectConfigurationPlatforms) = postSolution
		{0197902B-B349-4794-897D-AC5AAA65BA18}.Debug|Any CPU.ActiveCfg = Debug|Any CPU
		{0197902B-B349-4794-897D-AC5AAA65BA18}.Debug|Any CPU.Build.0 = Debug|Any CPU
		{0197902B-B349-4794-897D-AC5AAA65BA18}.Debug|x64.ActiveCfg = Debug|x64
		{0197902B-B349-4794-897D-AC5AAA65BA18}.Debug|x64.Build.0 = Debug|x64
		{0197902B-B349-4794-897D-AC5AAA65BA18}.Release|Any CPU.ActiveCfg = Release|Any CPU
		{0197902B-B349-4794-897D-AC5AAA65BA18}.Release|Any CPU.Build.0 = Release|Any CPU
		{0197902B-B349-4794-897D-AC5AAA65BA18}.Release|x64.ActiveCfg = Release|x64
		{0197902B-B349-4794-897D-AC5AAA65BA18}.Release|x64.Build.0 = Release|x64
	EndGlobalSection
	GlobalSection(SolutionProperties) = preSolution
		HideSolutionNode = FALSE
	EndGlobalSection
	GlobalSection(ExtensibilityGlobals) = postSolution
		SolutionGuid = {0BFD0545-EBE8-44F1-A7C7-DB5451BBEF15}
	EndGlobalSection
EndGlobal
